
Microsoft Visual Studio Solution File, Format Version 12.00
# Visual Studio Version 16
VisualStudioVersion = 16.0.28917.181
MinimumVisualStudioVersion = 10.0.40219.1
Project("{FAE04EC0-301F-11D3-BF4B-00C04F79EFBC}") = "DaftarFanni", "DaftarFanni\DaftarFanni.csproj", "{67D5AABD-727A-49F9-B5CE-F67FA2C1B257}"
EndProject
Global
	GlobalSection(SolutionConfigurationPlatforms) = preSolution
		Debug|Any CPU = Debug|Any CPU
		Release|Any CPU = Release|Any CPU
	EndGlobalSection
	GlobalSection(ProjectConfigurationPlatforms) = postSolution
		{67D5AABD-727A-49F9-B5CE-F67FA2C1B257}.Debug|Any CPU.ActiveCfg = Debug|Any CPU
		{67D5AABD-727A-49F9-B5CE-F67FA2C1B257}.Debug|Any CPU.Build.0 = Debug|Any CPU
		{67D5AABD-727A-49F9-B5CE-F67FA2C1B257}.Release|Any CPU.ActiveCfg = Release|Any CPU
		{67D5AABD-727A-49F9-B5CE-F67FA2C1B257}.Release|Any CPU.Build.0 = Release|Any CPU
	EndGlobalSection
	GlobalSection(SolutionProperties) = preSolution
		HideSolutionNode = FALSE
	EndGlobalSection
	GlobalSection(ExtensibilityGlobals) = postSolution
		SolutionGuid = {6B45588E-11CD-45F7-B78B-AE4B86879AF2}
	EndGlobalSection
EndGlobal
